
Microsoft Visual Studio Solution File, Format Version 12.00
# Visual Studio 15
VisualStudioVersion = 15.0.28307.1259
MinimumVisualStudioVersion = 10.0.40219.1
Project("{FAE04EC0-301F-11D3-BF4B-00C04F79EFBC}") = "MVVM_Tab", "MVVM_Tab\MVVM_Tab.csproj", "{7139DAA4-6F81-4966-BCCF-14432689A10E}"
EndProject
Global
	GlobalSection(SolutionConfigurationPlatforms) = preSolution
		Debug|Any CPU = Debug|Any CPU
		Release|Any CPU = Release|Any CPU
	EndGlobalSection
	GlobalSection(ProjectConfigurationPlatforms) = postSolution
		{7139DAA4-6F81-4966-BCCF-14432689A10E}.Debug|Any CPU.ActiveCfg = Debug|Any CPU
		{7139DAA4-6F81-4966-BCCF-14432689A10E}.Debug|Any CPU.Build.0 = Debug|Any CPU
		{7139DAA4-6F81-4966-BCCF-14432689A10E}.Release|Any CPU.ActiveCfg = Release|Any CPU
		{7139DAA4-6F81-4966-BCCF-14432689A10E}.Release|Any CPU.Build.0 = Release|Any CPU
	EndGlobalSection
	GlobalSection(SolutionProperties) = preSolution
		HideSolutionNode = FALSE
	EndGlobalSection
	GlobalSection(ExtensibilityGlobals) = postSolution
		SolutionGuid = {C76C22A9-61AF-4A4A-99EC-2A9ACB3191E8}
	EndGlobalSection
EndGlobal
