
Microsoft Visual Studio Solution File, Format Version 12.00
# Visual Studio 15
VisualStudioVersion = 15.0.28307.1082
MinimumVisualStudioVersion = 10.0.40219.1
Project("{FAE04EC0-301F-11D3-BF4B-00C04F79EFBC}") = "GoogleOSD", "googleOSD\GoogleOSD.csproj", "{7DA786F8-A377-4E1E-AA95-7E279F3F9587}"
EndProject
Project("{2150E333-8FDC-42A3-9474-1A3956D46DE8}") = "Solution Items", "Solution Items", "{BE8A8DA7-917A-4A99-84B0-19674D097C3C}"
	ProjectSection(SolutionItems) = preProject
		googleOSD\Company.mdf = googleOSD\Company.mdf
	EndProjectSection
EndProject
Global
	GlobalSection(SolutionConfigurationPlatforms) = preSolution
		Debug|Any CPU = Debug|Any CPU
		Release|Any CPU = Release|Any CPU
	EndGlobalSection
	GlobalSection(ProjectConfigurationPlatforms) = postSolution
		{7DA786F8-A377-4E1E-AA95-7E279F3F9587}.Debug|Any CPU.ActiveCfg = Debug|Any CPU
		{7DA786F8-A377-4E1E-AA95-7E279F3F9587}.Debug|Any CPU.Build.0 = Debug|Any CPU
		{7DA786F8-A377-4E1E-AA95-7E279F3F9587}.Release|Any CPU.ActiveCfg = Release|Any CPU
		{7DA786F8-A377-4E1E-AA95-7E279F3F9587}.Release|Any CPU.Build.0 = Release|Any CPU
	EndGlobalSection
	GlobalSection(SolutionProperties) = preSolution
		HideSolutionNode = FALSE
	EndGlobalSection
	GlobalSection(ExtensibilityGlobals) = postSolution
		SolutionGuid = {2D48B13D-0423-4557-BD5D-FA4A46DFDB4D}
	EndGlobalSection
EndGlobal
