
Microsoft Visual Studio Solution File, Format Version 12.00
# Visual Studio 15
VisualStudioVersion = 15.0.28307.1259
MinimumVisualStudioVersion = 10.0.40219.1
Project("{FAE04EC0-301F-11D3-BF4B-00C04F79EFBC}") = "TabCon", "TabCon\TabCon.csproj", "{1FBCC3B5-2044-4E53-B96B-A277F30B668F}"
EndProject
Global
	GlobalSection(SolutionConfigurationPlatforms) = preSolution
		Debug|Any CPU = Debug|Any CPU
		Release|Any CPU = Release|Any CPU
	EndGlobalSection
	GlobalSection(ProjectConfigurationPlatforms) = postSolution
		{1FBCC3B5-2044-4E53-B96B-A277F30B668F}.Debug|Any CPU.ActiveCfg = Debug|Any CPU
		{1FBCC3B5-2044-4E53-B96B-A277F30B668F}.Debug|Any CPU.Build.0 = Debug|Any CPU
		{1FBCC3B5-2044-4E53-B96B-A277F30B668F}.Release|Any CPU.ActiveCfg = Release|Any CPU
		{1FBCC3B5-2044-4E53-B96B-A277F30B668F}.Release|Any CPU.Build.0 = Release|Any CPU
	EndGlobalSection
	GlobalSection(SolutionProperties) = preSolution
		HideSolutionNode = FALSE
	EndGlobalSection
	GlobalSection(ExtensibilityGlobals) = postSolution
		SolutionGuid = {5C179C47-59CA-4257-B782-B6C246B002E7}
	EndGlobalSection
EndGlobal
