
Microsoft Visual Studio Solution File, Format Version 12.00
# Visual Studio 15
VisualStudioVersion = 15.0.28307.1082
MinimumVisualStudioVersion = 10.0.40219.1
Project("{FAE04EC0-301F-11D3-BF4B-00C04F79EFBC}") = "kyokuto1sample", "kyokuto1sample\kyokuto1sample.csproj", "{5127EA5F-B256-41A7-BA73-0C2E3833874D}"
EndProject
Global
	GlobalSection(SolutionConfigurationPlatforms) = preSolution
		Debug|Any CPU = Debug|Any CPU
		Release|Any CPU = Release|Any CPU
	EndGlobalSection
	GlobalSection(ProjectConfigurationPlatforms) = postSolution
		{5127EA5F-B256-41A7-BA73-0C2E3833874D}.Debug|Any CPU.ActiveCfg = Debug|Any CPU
		{5127EA5F-B256-41A7-BA73-0C2E3833874D}.Debug|Any CPU.Build.0 = Debug|Any CPU
		{5127EA5F-B256-41A7-BA73-0C2E3833874D}.Release|Any CPU.ActiveCfg = Release|Any CPU
		{5127EA5F-B256-41A7-BA73-0C2E3833874D}.Release|Any CPU.Build.0 = Release|Any CPU
	EndGlobalSection
	GlobalSection(SolutionProperties) = preSolution
		HideSolutionNode = FALSE
	EndGlobalSection
	GlobalSection(ExtensibilityGlobals) = postSolution
		SolutionGuid = {60530D35-32CD-4755-B31C-E4CAC3ACE0EA}
	EndGlobalSection
EndGlobal
